
Microsoft Visual Studio Solution File, Format Version 12.00
# Visual Studio Version 16
VisualStudioVersion = 16.0.30717.126
MinimumVisualStudioVersion = 10.0.40219.1
Project("{FAE04EC0-301F-11D3-BF4B-00C04F79EFBC}") = "CameraPlugin", "CameraPlugin\CameraPlugin.csproj", "{FD9D48D8-B8A4-489E-A3EB-B7BBD777676B}"
EndProject
Global
	GlobalSection(SolutionConfigurationPlatforms) = preSolution
		Debug|Any CPU = Debug|Any CPU
		Release|Any CPU = Release|Any CPU
	EndGlobalSection
	GlobalSection(ProjectConfigurationPlatforms) = postSolution
		{FD9D48D8-B8A4-489E-A3EB-B7BBD777676B}.Debug|Any CPU.ActiveCfg = Debug|Any CPU
		{FD9D48D8-B8A4-489E-A3EB-B7BBD777676B}.Debug|Any CPU.Build.0 = Debug|Any CPU
		{FD9D48D8-B8A4-489E-A3EB-B7BBD777676B}.Release|Any CPU.ActiveCfg = Release|Any CPU
		{FD9D48D8-B8A4-489E-A3EB-B7BBD777676B}.Release|Any CPU.Build.0 = Release|Any CPU
	EndGlobalSection
	GlobalSection(SolutionProperties) = preSolution
		HideSolutionNode = FALSE
	EndGlobalSection
	GlobalSection(ExtensibilityGlobals) = postSolution
		SolutionGuid = {2E62076A-BC9E-4F14-8E8A-2582568CB96A}
	EndGlobalSection
EndGlobal
